
Microsoft Visual Studio Solution File, Format Version 12.00
# Visual Studio 15
VisualStudioVersion = 15.0.28010.2016
MinimumVisualStudioVersion = 10.0.40219.1
Project("{FAE04EC0-301F-11D3-BF4B-00C04F79EFBC}") = "UTS-UWP", "UTS-UWP.csproj", "{310A9BA6-F732-4A9F-B634-B3D81F30B248}"
EndProject
Global
	GlobalSection(SolutionConfigurationPlatforms) = preSolution
		Debug|ARM = Debug|ARM
		Debug|x64 = Debug|x64
		Debug|x86 = Debug|x86
		Release|ARM = Release|ARM
		Release|x64 = Release|x64
		Release|x86 = Release|x86
	EndGlobalSection
	GlobalSection(ProjectConfigurationPlatforms) = postSolution
		{310A9BA6-F732-4A9F-B634-B3D81F30B248}.Debug|ARM.ActiveCfg = Debug|ARM
		{310A9BA6-F732-4A9F-B634-B3D81F30B248}.Debug|ARM.Build.0 = Debug|ARM
		{310A9BA6-F732-4A9F-B634-B3D81F30B248}.Debug|ARM.Deploy.0 = Debug|ARM
		{310A9BA6-F732-4A9F-B634-B3D81F30B248}.Debug|x64.ActiveCfg = Debug|x64
		{310A9BA6-F732-4A9F-B634-B3D81F30B248}.Debug|x64.Build.0 = Debug|x64
		{310A9BA6-F732-4A9F-B634-B3D81F30B248}.Debug|x64.Deploy.0 = Debug|x64
		{310A9BA6-F732-4A9F-B634-B3D81F30B248}.Debug|x86.ActiveCfg = Debug|x86
		{310A9BA6-F732-4A9F-B634-B3D81F30B248}.Debug|x86.Build.0 = Debug|x86
		{310A9BA6-F732-4A9F-B634-B3D81F30B248}.Debug|x86.Deploy.0 = Debug|x86
		{310A9BA6-F732-4A9F-B634-B3D81F30B248}.Release|ARM.ActiveCfg = Release|ARM
		{310A9BA6-F732-4A9F-B634-B3D81F30B248}.Release|ARM.Build.0 = Release|ARM
		{310A9BA6-F732-4A9F-B634-B3D81F30B248}.Release|ARM.Deploy.0 = Release|ARM
		{310A9BA6-F732-4A9F-B634-B3D81F30B248}.Release|x64.ActiveCfg = Release|x64
		{310A9BA6-F732-4A9F-B634-B3D81F30B248}.Release|x64.Build.0 = Release|x64
		{310A9BA6-F732-4A9F-B634-B3D81F30B248}.Release|x64.Deploy.0 = Release|x64
		{310A9BA6-F732-4A9F-B634-B3D81F30B248}.Release|x86.ActiveCfg = Release|x86
		{310A9BA6-F732-4A9F-B634-B3D81F30B248}.Release|x86.Build.0 = Release|x86
		{310A9BA6-F732-4A9F-B634-B3D81F30B248}.Release|x86.Deploy.0 = Release|x86
	EndGlobalSection
	GlobalSection(SolutionProperties) = preSolution
		HideSolutionNode = FALSE
	EndGlobalSection
	GlobalSection(ExtensibilityGlobals) = postSolution
		SolutionGuid = {D7D97355-2664-4E85-918D-166DC30EA9A1}
	EndGlobalSection
EndGlobal
