
Microsoft Visual Studio Solution File, Format Version 12.00
# Visual Studio 15
VisualStudioVersion = 15.0.28010.2016
MinimumVisualStudioVersion = 10.0.40219.1
Project("{FAE04EC0-301F-11D3-BF4B-00C04F79EFBC}") = "UTS-UWP", "UTS-UWP.csproj", "{310A9BA6-F732-4A9F-B634-B3D81F30B248}"
EndProject
Project("{FAE04EC0-301F-11D3-BF4B-00C04F79EFBC}") = "NetServer", "NetServer\NetServer.csproj", "{2ED4A9ED-B6A0-4025-82AD-6E4B039F6745}"
EndProject
Project("{FAE04EC0-301F-11D3-BF4B-00C04F79EFBC}") = "Protocal", "Protocal\Protocal.csproj", "{62C283D8-C041-4833-B946-A421A6410340}"
EndProject
Project("{FAE04EC0-301F-11D3-BF4B-00C04F79EFBC}") = "MessageBus", "MessageBus\MessageBus.csproj", "{268FC154-7C6E-41C6-88D8-E66D0295A12C}"
EndProject
Global
	GlobalSection(SolutionConfigurationPlatforms) = preSolution
		Debug|Any CPU = Debug|Any CPU
		Debug|ARM = Debug|ARM
		Debug|x64 = Debug|x64
		Debug|x86 = Debug|x86
		Release|Any CPU = Release|Any CPU
		Release|ARM = Release|ARM
		Release|x64 = Release|x64
		Release|x86 = Release|x86
	EndGlobalSection
	GlobalSection(ProjectConfigurationPlatforms) = postSolution
		{310A9BA6-F732-4A9F-B634-B3D81F30B248}.Debug|Any CPU.ActiveCfg = Debug|x86
		{310A9BA6-F732-4A9F-B634-B3D81F30B248}.Debug|ARM.ActiveCfg = Debug|ARM
		{310A9BA6-F732-4A9F-B634-B3D81F30B248}.Debug|ARM.Build.0 = Debug|ARM
		{310A9BA6-F732-4A9F-B634-B3D81F30B248}.Debug|ARM.Deploy.0 = Debug|ARM
		{310A9BA6-F732-4A9F-B634-B3D81F30B248}.Debug|x64.ActiveCfg = Debug|x64
		{310A9BA6-F732-4A9F-B634-B3D81F30B248}.Debug|x64.Build.0 = Debug|x64
		{310A9BA6-F732-4A9F-B634-B3D81F30B248}.Debug|x64.Deploy.0 = Debug|x64
		{310A9BA6-F732-4A9F-B634-B3D81F30B248}.Debug|x86.ActiveCfg = Debug|x86
		{310A9BA6-F732-4A9F-B634-B3D81F30B248}.Debug|x86.Build.0 = Debug|x86
		{310A9BA6-F732-4A9F-B634-B3D81F30B248}.Debug|x86.Deploy.0 = Debug|x86
		{310A9BA6-F732-4A9F-B634-B3D81F30B248}.Release|Any CPU.ActiveCfg = Release|x86
		{310A9BA6-F732-4A9F-B634-B3D81F30B248}.Release|ARM.ActiveCfg = Release|ARM
		{310A9BA6-F732-4A9F-B634-B3D81F30B248}.Release|ARM.Build.0 = Release|ARM
		{310A9BA6-F732-4A9F-B634-B3D81F30B248}.Release|ARM.Deploy.0 = Release|ARM
		{310A9BA6-F732-4A9F-B634-B3D81F30B248}.Release|x64.ActiveCfg = Release|x64
		{310A9BA6-F732-4A9F-B634-B3D81F30B248}.Release|x64.Build.0 = Release|x64
		{310A9BA6-F732-4A9F-B634-B3D81F30B248}.Release|x64.Deploy.0 = Release|x64
		{310A9BA6-F732-4A9F-B634-B3D81F30B248}.Release|x86.ActiveCfg = Release|x86
		{310A9BA6-F732-4A9F-B634-B3D81F30B248}.Release|x86.Build.0 = Release|x86
		{310A9BA6-F732-4A9F-B634-B3D81F30B248}.Release|x86.Deploy.0 = Release|x86
		{2ED4A9ED-B6A0-4025-82AD-6E4B039F6745}.Debug|Any CPU.ActiveCfg = Debug|Any CPU
		{2ED4A9ED-B6A0-4025-82AD-6E4B039F6745}.Debug|Any CPU.Build.0 = Debug|Any CPU
		{2ED4A9ED-B6A0-4025-82AD-6E4B039F6745}.Debug|ARM.ActiveCfg = Debug|ARM
		{2ED4A9ED-B6A0-4025-82AD-6E4B039F6745}.Debug|ARM.Build.0 = Debug|ARM
		{2ED4A9ED-B6A0-4025-82AD-6E4B039F6745}.Debug|x64.ActiveCfg = Debug|x64
		{2ED4A9ED-B6A0-4025-82AD-6E4B039F6745}.Debug|x64.Build.0 = Debug|x64
		{2ED4A9ED-B6A0-4025-82AD-6E4B039F6745}.Debug|x86.ActiveCfg = Debug|x86
		{2ED4A9ED-B6A0-4025-82AD-6E4B039F6745}.Debug|x86.Build.0 = Debug|x86
		{2ED4A9ED-B6A0-4025-82AD-6E4B039F6745}.Release|Any CPU.ActiveCfg = Release|Any CPU
		{2ED4A9ED-B6A0-4025-82AD-6E4B039F6745}.Release|Any CPU.Build.0 = Release|Any CPU
		{2ED4A9ED-B6A0-4025-82AD-6E4B039F6745}.Release|ARM.ActiveCfg = Release|ARM
		{2ED4A9ED-B6A0-4025-82AD-6E4B039F6745}.Release|ARM.Build.0 = Release|ARM
		{2ED4A9ED-B6A0-4025-82AD-6E4B039F6745}.Release|x64.ActiveCfg = Release|x64
		{2ED4A9ED-B6A0-4025-82AD-6E4B039F6745}.Release|x64.Build.0 = Release|x64
		{2ED4A9ED-B6A0-4025-82AD-6E4B039F6745}.Release|x86.ActiveCfg = Release|x86
		{2ED4A9ED-B6A0-4025-82AD-6E4B039F6745}.Release|x86.Build.0 = Release|x86
		{62C283D8-C041-4833-B946-A421A6410340}.Debug|Any CPU.ActiveCfg = Debug|Any CPU
		{62C283D8-C041-4833-B946-A421A6410340}.Debug|Any CPU.Build.0 = Debug|Any CPU
		{62C283D8-C041-4833-B946-A421A6410340}.Debug|ARM.ActiveCfg = Debug|ARM
		{62C283D8-C041-4833-B946-A421A6410340}.Debug|ARM.Build.0 = Debug|ARM
		{62C283D8-C041-4833-B946-A421A6410340}.Debug|x64.ActiveCfg = Debug|x64
		{62C283D8-C041-4833-B946-A421A6410340}.Debug|x64.Build.0 = Debug|x64
		{62C283D8-C041-4833-B946-A421A6410340}.Debug|x86.ActiveCfg = Debug|x86
		{62C283D8-C041-4833-B946-A421A6410340}.Debug|x86.Build.0 = Debug|x86
		{62C283D8-C041-4833-B946-A421A6410340}.Release|Any CPU.ActiveCfg = Release|Any CPU
		{62C283D8-C041-4833-B946-A421A6410340}.Release|Any CPU.Build.0 = Release|Any CPU
		{62C283D8-C041-4833-B946-A421A6410340}.Release|ARM.ActiveCfg = Release|ARM
		{62C283D8-C041-4833-B946-A421A6410340}.Release|ARM.Build.0 = Release|ARM
		{62C283D8-C041-4833-B946-A421A6410340}.Release|x64.ActiveCfg = Release|x64
		{62C283D8-C041-4833-B946-A421A6410340}.Release|x64.Build.0 = Release|x64
		{62C283D8-C041-4833-B946-A421A6410340}.Release|x86.ActiveCfg = Release|x86
		{62C283D8-C041-4833-B946-A421A6410340}.Release|x86.Build.0 = Release|x86
		{268FC154-7C6E-41C6-88D8-E66D0295A12C}.Debug|Any CPU.ActiveCfg = Debug|Any CPU
		{268FC154-7C6E-41C6-88D8-E66D0295A12C}.Debug|Any CPU.Build.0 = Debug|Any CPU
		{268FC154-7C6E-41C6-88D8-E66D0295A12C}.Debug|ARM.ActiveCfg = Debug|ARM
		{268FC154-7C6E-41C6-88D8-E66D0295A12C}.Debug|ARM.Build.0 = Debug|ARM
		{268FC154-7C6E-41C6-88D8-E66D0295A12C}.Debug|x64.ActiveCfg = Debug|x64
		{268FC154-7C6E-41C6-88D8-E66D0295A12C}.Debug|x64.Build.0 = Debug|x64
		{268FC154-7C6E-41C6-88D8-E66D0295A12C}.Debug|x86.ActiveCfg = Debug|x86
		{268FC154-7C6E-41C6-88D8-E66D0295A12C}.Debug|x86.Build.0 = Debug|x86
		{268FC154-7C6E-41C6-88D8-E66D0295A12C}.Release|Any CPU.ActiveCfg = Release|Any CPU
		{268FC154-7C6E-41C6-88D8-E66D0295A12C}.Release|Any CPU.Build.0 = Release|Any CPU
		{268FC154-7C6E-41C6-88D8-E66D0295A12C}.Release|ARM.ActiveCfg = Release|ARM
		{268FC154-7C6E-41C6-88D8-E66D0295A12C}.Release|ARM.Build.0 = Release|ARM
		{268FC154-7C6E-41C6-88D8-E66D0295A12C}.Release|x64.ActiveCfg = Release|x64
		{268FC154-7C6E-41C6-88D8-E66D0295A12C}.Release|x64.Build.0 = Release|x64
		{268FC154-7C6E-41C6-88D8-E66D0295A12C}.Release|x86.ActiveCfg = Release|x86
		{268FC154-7C6E-41C6-88D8-E66D0295A12C}.Release|x86.Build.0 = Release|x86
	EndGlobalSection
	GlobalSection(SolutionProperties) = preSolution
		HideSolutionNode = FALSE
	EndGlobalSection
	GlobalSection(ExtensibilityGlobals) = postSolution
		SolutionGuid = {D7D97355-2664-4E85-918D-166DC30EA9A1}
	EndGlobalSection
EndGlobal
